
Microsoft Visual Studio Solution File, Format Version 12.00
# Visual Studio Version 17
VisualStudioVersion = 17.2.32616.157
MinimumVisualStudioVersion = 10.0.40219.1
Project("{FAE04EC0-301F-11D3-BF4B-00C04F79EFBC}") = "DataStructures", "DataStructures\DataStructures.csproj", "{1368F149-ACCD-4CDB-9431-1F4BC0AE179D}"
EndProject
Project("{FAE04EC0-301F-11D3-BF4B-00C04F79EFBC}") = "DataStructures.Test", "DataStructures.Test\DataStructures.Test.csproj", "{040B75C7-6B19-402C-A1E8-C053C4CAA4F2}"
EndProject
Global
	GlobalSection(SolutionConfigurationPlatforms) = preSolution
		Debug|Any CPU = Debug|Any CPU
		Release|Any CPU = Release|Any CPU
	EndGlobalSection
	GlobalSection(ProjectConfigurationPlatforms) = postSolution
		{1368F149-ACCD-4CDB-9431-1F4BC0AE179D}.Debug|Any CPU.ActiveCfg = Debug|Any CPU
		{1368F149-ACCD-4CDB-9431-1F4BC0AE179D}.Debug|Any CPU.Build.0 = Debug|Any CPU
		{1368F149-ACCD-4CDB-9431-1F4BC0AE179D}.Release|Any CPU.ActiveCfg = Release|Any CPU
		{1368F149-ACCD-4CDB-9431-1F4BC0AE179D}.Release|Any CPU.Build.0 = Release|Any CPU
		{040B75C7-6B19-402C-A1E8-C053C4CAA4F2}.Debug|Any CPU.ActiveCfg = Debug|Any CPU
		{040B75C7-6B19-402C-A1E8-C053C4CAA4F2}.Debug|Any CPU.Build.0 = Debug|Any CPU
		{040B75C7-6B19-402C-A1E8-C053C4CAA4F2}.Release|Any CPU.ActiveCfg = Release|Any CPU
		{040B75C7-6B19-402C-A1E8-C053C4CAA4F2}.Release|Any CPU.Build.0 = Release|Any CPU
	EndGlobalSection
	GlobalSection(SolutionProperties) = preSolution
		HideSolutionNode = FALSE
	EndGlobalSection
	GlobalSection(ExtensibilityGlobals) = postSolution
		SolutionGuid = {CCF0AB60-A5C7-4B37-9437-23FF80796BD1}
	EndGlobalSection
EndGlobal
